
Microsoft Visual Studio Solution File, Format Version 12.00
# Visual Studio Version 16
VisualStudioVersion = 16.0.31112.23
MinimumVisualStudioVersion = 10.0.40219.1
Project("{FAE04EC0-301F-11D3-BF4B-00C04F79EFBC}") = "TestProject", "TestProject\TestProject.csproj", "{52CBE5D3-76AA-457B-95EC-28ABA368A7BC}"
EndProject
Project("{00D1A9C2-B5F0-4AF3-8072-F6C62B433612}") = "Database", "Database\Database.sqlproj", "{C9DB542C-4D86-4DF4-A9E3-7818EFF2C340}"
EndProject
Project("{FAE04EC0-301F-11D3-BF4B-00C04F79EFBC}") = "Task1", "Task1\Task1.csproj", "{76A94F9E-92F5-43FC-8388-84D170622102}"
EndProject
Global
	GlobalSection(SolutionConfigurationPlatforms) = preSolution
		Debug|Any CPU = Debug|Any CPU
		Release|Any CPU = Release|Any CPU
	EndGlobalSection
	GlobalSection(ProjectConfigurationPlatforms) = postSolution
		{52CBE5D3-76AA-457B-95EC-28ABA368A7BC}.Debug|Any CPU.ActiveCfg = Debug|Any CPU
		{52CBE5D3-76AA-457B-95EC-28ABA368A7BC}.Debug|Any CPU.Build.0 = Debug|Any CPU
		{52CBE5D3-76AA-457B-95EC-28ABA368A7BC}.Release|Any CPU.ActiveCfg = Release|Any CPU
		{52CBE5D3-76AA-457B-95EC-28ABA368A7BC}.Release|Any CPU.Build.0 = Release|Any CPU
		{C9DB542C-4D86-4DF4-A9E3-7818EFF2C340}.Debug|Any CPU.ActiveCfg = Debug|Any CPU
		{C9DB542C-4D86-4DF4-A9E3-7818EFF2C340}.Debug|Any CPU.Build.0 = Debug|Any CPU
		{C9DB542C-4D86-4DF4-A9E3-7818EFF2C340}.Debug|Any CPU.Deploy.0 = Debug|Any CPU
		{C9DB542C-4D86-4DF4-A9E3-7818EFF2C340}.Release|Any CPU.ActiveCfg = Release|Any CPU
		{C9DB542C-4D86-4DF4-A9E3-7818EFF2C340}.Release|Any CPU.Build.0 = Release|Any CPU
		{C9DB542C-4D86-4DF4-A9E3-7818EFF2C340}.Release|Any CPU.Deploy.0 = Release|Any CPU
		{76A94F9E-92F5-43FC-8388-84D170622102}.Debug|Any CPU.ActiveCfg = Debug|Any CPU
		{76A94F9E-92F5-43FC-8388-84D170622102}.Debug|Any CPU.Build.0 = Debug|Any CPU
		{76A94F9E-92F5-43FC-8388-84D170622102}.Release|Any CPU.ActiveCfg = Release|Any CPU
		{76A94F9E-92F5-43FC-8388-84D170622102}.Release|Any CPU.Build.0 = Release|Any CPU
	EndGlobalSection
	GlobalSection(SolutionProperties) = preSolution
		HideSolutionNode = FALSE
	EndGlobalSection
	GlobalSection(ExtensibilityGlobals) = postSolution
		SolutionGuid = {85528F5A-D03B-4BAF-A136-17D1D1D2165A}
	EndGlobalSection
EndGlobal
